// !$*UTF8*$!
{
	archiveVersion = 1;
	classes = {
	};
	objectVersion = 77;
	objects = {

/* Begin PBXBuildFile section */
		3A0EF92C2D67080E002C136D /* FirebaseAuth in Frameworks */ = {isa = PBXBuildFile; productRef = 3A0EF92B2D67080E002C136D /* FirebaseAuth */; };
		3A0EF92E2D67080E002C136D /* FirebaseFirestore in Frameworks */ = {isa = PBXBuildFile; productRef = 3A0EF92D2D67080E002C136D /* FirebaseFirestore */; };
/* End PBXBuildFile section */

/* Begin PBXContainerItemProxy section */
		3A29E41D2D45434F002D004F /* PBXContainerItemProxy */ = {
			isa = PBXContainerItemProxy;
			containerPortal = 3A29E4042D45434D002D004F /* Project object */;
			proxyType = 1;
			remoteGlobalIDString = 3A29E40B2D45434D002D004F;
			remoteInfo = SpeakApper.AI;
		};
		3A29E4272D45434F002D004F /* PBXContainerItemProxy */ = {
			isa = PBXContainerItemProxy;
			containerPortal = 3A29E4042D45434D002D004F /* Project object */;
			proxyType = 1;
			remoteGlobalIDString = 3A29E40B2D45434D002D004F;
			remoteInfo = SpeakApper.AI;
		};
/* End PBXContainerItemProxy section */

/* Begin PBXFileReference section */
		3A29E40C2D45434D002D004F /* SpeakApper.AI.app */ = {isa = PBXFileReference; explicitFileType = wrapper.application; includeInIndex = 0; path = SpeakApper.AI.app; sourceTree = BUILT_PRODUCTS_DIR; };
		3A29E41C2D45434F002D004F /* SpeakApper.AITests.xctest */ = {isa = PBXFileReference; explicitFileType = wrapper.cfbundle; includeInIndex = 0; path = SpeakApper.AITests.xctest; sourceTree = BUILT_PRODUCTS_DIR; };
		3A29E4262D45434F002D004F /* SpeakApper.AIUITests.xctest */ = {isa = PBXFileReference; explicitFileType = wrapper.cfbundle; includeInIndex = 0; path = SpeakApper.AIUITests.xctest; sourceTree = BUILT_PRODUCTS_DIR; };
/* End PBXFileReference section */

/* Begin PBXFileSystemSynchronizedRootGroup section */
		3A29E40E2D45434D002D004F /* SpeakApper.AI */ = {
			isa = PBXFileSystemSynchronizedRootGroup;
			path = SpeakApper.AI;
			sourceTree = "<group>";
		};
		3A29E41F2D45434F002D004F /* SpeakApper.AITests */ = {
			isa = PBXFileSystemSynchronizedRootGroup;
			path = SpeakApper.AITests;
			sourceTree = "<group>";
		};
		3A29E4292D45434F002D004F /* SpeakApper.AIUITests */ = {
			isa = PBXFileSystemSynchronizedRootGroup;
			path = SpeakApper.AIUITests;
			sourceTree = "<group>";
		};
/* End PBXFileSystemSynchronizedRootGroup section */

/* Begin PBXFrameworksBuildPhase section */
		3A29E4092D45434D002D004F /* Frameworks */ = {
			isa = PBXFrameworksBuildPhase;
			buildActionMask = 2147483647;
			files = (
				3A0EF92C2D67080E002C136D /* FirebaseAuth in Frameworks */,
				3A0EF92E2D67080E002C136D /* FirebaseFirestore in Frameworks */,
			);
			runOnlyForDeploymentPostprocessing = 0;
		};
		3A29E4192D45434F002D004F /* Frameworks */ = {
			isa = PBXFrameworksBuildPhase;
			buildActionMask = 2147483647;
			files = (
			);
			runOnlyForDeploymentPostprocessing = 0;
		};
		3A29E4232D45434F002D004F /* Frameworks */ = {
			isa = PBXFrameworksBuildPhase;
			buildActionMask = 2147483647;
			files = (
			);
			runOnlyForDeploymentPostprocessing = 0;
		};
/* End PBXFrameworksBuildPhase section */

/* Begin PBXGroup section */
		3A29E4032D45434D002D004F = {
			isa = PBXGroup;
			children = (
				3A29E40E2D45434D002D004F /* SpeakApper.AI */,
				3A29E41F2D45434F002D004F /* SpeakApper.AITests */,
				3A29E4292D45434F002D004F /* SpeakApper.AIUITests */,
				3A29E40D2D45434D002D004F /* Products */,
			);
			sourceTree = "<group>";
		};
		3A29E40D2D45434D002D004F /* Products */ = {
			isa = PBXGroup;
			children = (
				3A29E40C2D45434D002D004F /* SpeakApper.AI.app */,
				3A29E41C2D45434F002D004F /* SpeakApper.AITests.xctest */,
				3A29E4262D45434F002D004F /* SpeakApper.AIUITests.xctest */,
			);
			name = Products;
			sourceTree = "<group>";
		};
/* End PBXGroup section */

/* Begin PBXNativeTarget section */
		3A29E40B2D45434D002D004F /* SpeakApper.AI */ = {
			isa = PBXNativeTarget;
			buildConfigurationList = 3A29E4302D45434F002D004F /* Build configuration list for PBXNativeTarget "SpeakApper.AI" */;
			buildPhases = (
				3A29E4082D45434D002D004F /* Sources */,
				3A29E4092D45434D002D004F /* Frameworks */,
				3A29E40A2D45434D002D004F /* Resources */,
			);
			buildRules = (
			);
			dependencies = (
			);
			fileSystemSynchronizedGroups = (
				3A29E40E2D45434D002D004F /* SpeakApper.AI */,
			);
			name = SpeakApper.AI;
			packageProductDependencies = (
				3A0EF92B2D67080E002C136D /* FirebaseAuth */,
				3A0EF92D2D67080E002C136D /* FirebaseFirestore */,
			);
			productName = SpeakApper.AI;
			productReference = 3A29E40C2D45434D002D004F /* SpeakApper.AI.app */;
			productType = "com.apple.product-type.application";
		};
		3A29E41B2D45434F002D004F /* SpeakApper.AITests */ = {
			isa = PBXNativeTarget;
			buildConfigurationList = 3A29E4332D45434F002D004F /* Build configuration list for PBXNativeTarget "SpeakApper.AITests" */;
			buildPhases = (
				3A29E4182D45434F002D004F /* Sources */,
				3A29E4192D45434F002D004F /* Frameworks */,
				3A29E41A2D45434F002D004F /* Resources */,
			);
			buildRules = (
			);
			dependencies = (
				3A29E41E2D45434F002D004F /* PBXTargetDependency */,
			);
			fileSystemSynchronizedGroups = (
				3A29E41F2D45434F002D004F /* SpeakApper.AITests */,
			);
			name = SpeakApper.AITests;
			packageProductDependencies = (
			);
			productName = SpeakApper.AITests;
			productReference = 3A29E41C2D45434F002D004F /* SpeakApper.AITests.xctest */;
			productType = "com.apple.product-type.bundle.unit-test";
		};
		3A29E4252D45434F002D004F /* SpeakApper.AIUITests */ = {
			isa = PBXNativeTarget;
			buildConfigurationList = 3A29E4362D45434F002D004F /* Build configuration list for PBXNativeTarget "SpeakApper.AIUITests" */;
			buildPhases = (
				3A29E4222D45434F002D004F /* Sources */,
				3A29E4232D45434F002D004F /* Frameworks */,
				3A29E4242D45434F002D004F /* Resources */,
			);
			buildRules = (
			);
			dependencies = (
				3A29E4282D45434F002D004F /* PBXTargetDependency */,
			);
			fileSystemSynchronizedGroups = (
				3A29E4292D45434F002D004F /* SpeakApper.AIUITests */,
			);
			name = SpeakApper.AIUITests;
			packageProductDependencies = (
			);
			productName = SpeakApper.AIUITests;
			productReference = 3A29E4262D45434F002D004F /* SpeakApper.AIUITests.xctest */;
			productType = "com.apple.product-type.bundle.ui-testing";
		};
/* End PBXNativeTarget section */

/* Begin PBXProject section */
		3A29E4042D45434D002D004F /* Project object */ = {
			isa = PBXProject;
			attributes = {
				BuildIndependentTargetsInParallel = 1;
				LastSwiftUpdateCheck = 1610;
				LastUpgradeCheck = 1610;
				TargetAttributes = {
					3A29E40B2D45434D002D004F = {
						CreatedOnToolsVersion = 16.1;
					};
					3A29E41B2D45434F002D004F = {
						CreatedOnToolsVersion = 16.1;
						TestTargetID = 3A29E40B2D45434D002D004F;
					};
					3A29E4252D45434F002D004F = {
						CreatedOnToolsVersion = 16.1;
						TestTargetID = 3A29E40B2D45434D002D004F;
					};
				};
			};
			buildConfigurationList = 3A29E4072D45434D002D004F /* Build configuration list for PBXProject "SpeakApper.AI" */;
			developmentRegion = en;
			hasScannedForEncodings = 0;
			knownRegions = (
				en,
				Base,
			);
			mainGroup = 3A29E4032D45434D002D004F;
			minimizedProjectReferenceProxies = 1;
			packageReferences = (
				3A0EF92A2D67080E002C136D /* XCRemoteSwiftPackageReference "firebase-ios-sdk" */,
			);
			preferredProjectObjectVersion = 77;
			productRefGroup = 3A29E40D2D45434D002D004F /* Products */;
			projectDirPath = "";
			projectRoot = "";
			targets = (
				3A29E40B2D45434D002D004F /* SpeakApper.AI */,
				3A29E41B2D45434F002D004F /* SpeakApper.AITests */,
				3A29E4252D45434F002D004F /* SpeakApper.AIUITests */,
			);
		};
/* End PBXProject section */

/* Begin PBXResourcesBuildPhase section */
		3A29E40A2D45434D002D004F /* Resources */ = {
			isa = PBXResourcesBuildPhase;
			buildActionMask = 2147483647;
			files = (
			);
			runOnlyForDeploymentPostprocessing = 0;
		};
		3A29E41A2D45434F002D004F /* Resources */ = {
			isa = PBXResourcesBuildPhase;
			buildActionMask = 2147483647;
			files = (
			);
			runOnlyForDeploymentPostprocessing = 0;
		};
		3A29E4242D45434F002D004F /* Resources */ = {
			isa = PBXResourcesBuildPhase;
			buildActionMask = 2147483647;
			files = (
			);
			runOnlyForDeploymentPostprocessing = 0;
		};
/* End PBXResourcesBuildPhase section */

/* Begin PBXSourcesBuildPhase section */
		3A29E4082D45434D002D004F /* Sources */ = {
			isa = PBXSourcesBuildPhase;
			buildActionMask = 2147483647;
			files = (
			);
			runOnlyForDeploymentPostprocessing = 0;
		};
		3A29E4182D45434F002D004F /* Sources */ = {
			isa = PBXSourcesBuildPhase;
			buildActionMask = 2147483647;
			files = (
			);
			runOnlyForDeploymentPostprocessing = 0;
		};
		3A29E4222D45434F002D004F /* Sources */ = {
			isa = PBXSourcesBuildPhase;
			buildActionMask = 2147483647;
			files = (
			);
			runOnlyForDeploymentPostprocessing = 0;
		};
/* End PBXSourcesBuildPhase section */

/* Begin PBXTargetDependency section */
		3A29E41E2D45434F002D004F /* PBXTargetDependency */ = {
			isa = PBXTargetDependency;
			target = 3A29E40B2D45434D002D004F /* SpeakApper.AI */;
			targetProxy = 3A29E41D2D45434F002D004F /* PBXContainerItemProxy */;
		};
		3A29E4282D45434F002D004F /* PBXTargetDependency */ = {
			isa = PBXTargetDependency;
			target = 3A29E40B2D45434D002D004F /* SpeakApper.AI */;
			targetProxy = 3A29E4272D45434F002D004F /* PBXContainerItemProxy */;
		};
/* End PBXTargetDependency section */

/* Begin XCBuildConfiguration section */
		3A29E42E2D45434F002D004F /* Debug */ = {
			isa = XCBuildConfiguration;
			buildSettings = {
				ALWAYS_SEARCH_USER_PATHS = NO;
				ASSETCATALOG_COMPILER_GENERATE_SWIFT_ASSET_SYMBOL_EXTENSIONS = YES;
				CLANG_ANALYZER_NONNULL = YES;
				CLANG_ANALYZER_NUMBER_OBJECT_CONVERSION = YES_AGGRESSIVE;
				CLANG_CXX_LANGUAGE_STANDARD = "gnu++20";
				CLANG_ENABLE_MODULES = YES;
				CLANG_ENABLE_OBJC_ARC = YES;
				CLANG_ENABLE_OBJC_WEAK = YES;
				CLANG_WARN_BLOCK_CAPTURE_AUTORELEASING = YES;
				CLANG_WARN_BOOL_CONVERSION = YES;
				CLANG_WARN_COMMA = YES;
				CLANG_WARN_CONSTANT_CONVERSION = YES;
				CLANG_WARN_DEPRECATED_OBJC_IMPLEMENTATIONS = YES;
				CLANG_WARN_DIRECT_OBJC_ISA_USAGE = YES_ERROR;
				CLANG_WARN_DOCUMENTATION_COMMENTS = YES;
				CLANG_WARN_EMPTY_BODY = YES;
				CLANG_WARN_ENUM_CONVERSION = YES;
				CLANG_WARN_INFINITE_RECURSION = YES;
				CLANG_WARN_INT_CONVERSION = YES;
				CLANG_WARN_NON_LITERAL_NULL_CONVERSION = YES;
				CLANG_WARN_OBJC_IMPLICIT_RETAIN_SELF = YES;
				CLANG_WARN_OBJC_LITERAL_CONVERSION = YES;
				CLANG_WARN_OBJC_ROOT_CLASS = YES_ERROR;
				CLANG_WARN_QUOTED_INCLUDE_IN_FRAMEWORK_HEADER = YES;
				CLANG_WARN_RANGE_LOOP_ANALYSIS = YES;
				CLANG_WARN_STRICT_PROTOTYPES = YES;
				CLANG_WARN_SUSPICIOUS_MOVE = YES;
				CLANG_WARN_UNGUARDED_AVAILABILITY = YES_AGGRESSIVE;
				CLANG_WARN_UNREACHABLE_CODE = YES;
				CLANG_WARN__DUPLICATE_METHOD_MATCH = YES;
				COPY_PHASE_STRIP = NO;
				DEBUG_INFORMATION_FORMAT = dwarf;
				ENABLE_STRICT_OBJC_MSGSEND = YES;
				ENABLE_TESTABILITY = YES;
				ENABLE_USER_SCRIPT_SANDBOXING = YES;
				GCC_C_LANGUAGE_STANDARD = gnu17;
				GCC_DYNAMIC_NO_PIC = NO;
				GCC_NO_COMMON_BLOCKS = YES;
				GCC_OPTIMIZATION_LEVEL = 0;
				GCC_PREPROCESSOR_DEFINITIONS = (
					"DEBUG=1",
					"$(inherited)",
				);
				GCC_WARN_64_TO_32_BIT_CONVERSION = YES;
				GCC_WARN_ABOUT_RETURN_TYPE = YES_ERROR;
				GCC_WARN_UNDECLARED_SELECTOR = YES;
				GCC_WARN_UNINITIALIZED_AUTOS = YES_AGGRESSIVE;
				GCC_WARN_UNUSED_FUNCTION = YES;
				GCC_WARN_UNUSED_VARIABLE = YES;
				IPHONEOS_DEPLOYMENT_TARGET = 18.1;
				LOCALIZATION_PREFERS_STRING_CATALOGS = YES;
				MTL_ENABLE_DEBUG_INFO = INCLUDE_SOURCE;
				MTL_FAST_MATH = YES;
				ONLY_ACTIVE_ARCH = YES;
				SDKROOT = iphoneos;
				SWIFT_ACTIVE_COMPILATION_CONDITIONS = "DEBUG $(inherited)";
				SWIFT_OPTIMIZATION_LEVEL = "-Onone";
			};
			name = Debug;
		};
		3A29E42F2D45434F002D004F /* Release */ = {
			isa = XCBuildConfiguration;
			buildSettings = {
				ALWAYS_SEARCH_USER_PATHS = NO;
				ASSETCATALOG_COMPILER_GENERATE_SWIFT_ASSET_SYMBOL_EXTENSIONS = YES;
				CLANG_ANALYZER_NONNULL = YES;
				CLANG_ANALYZER_NUMBER_OBJECT_CONVERSION = YES_AGGRESSIVE;
				CLANG_CXX_LANGUAGE_STANDARD = "gnu++20";
				CLANG_ENABLE_MODULES = YES;
				CLANG_ENABLE_OBJC_ARC = YES;
				CLANG_ENABLE_OBJC_WEAK = YES;
				CLANG_WARN_BLOCK_CAPTURE_AUTORELEASING = YES;
				CLANG_WARN_BOOL_CONVERSION = YES;
				CLANG_WARN_COMMA = YES;
				CLANG_WARN_CONSTANT_CONVERSION = YES;
				CLANG_WARN_DEPRECATED_OBJC_IMPLEMENTATIONS = YES;
				CLANG_WARN_DIRECT_OBJC_ISA_USAGE = YES_ERROR;
				CLANG_WARN_DOCUMENTATION_COMMENTS = YES;
				CLANG_WARN_EMPTY_BODY = YES;
				CLANG_WARN_ENUM_CONVERSION = YES;
				CLANG_WARN_INFINITE_RECURSION = YES;
				CLANG_WARN_INT_CONVERSION = YES;
				CLANG_WARN_NON_LITERAL_NULL_CONVERSION = YES;
				CLANG_WARN_OBJC_IMPLICIT_RETAIN_SELF = YES;
				CLANG_WARN_OBJC_LITERAL_CONVERSION = YES;
				CLANG_WARN_OBJC_ROOT_CLASS = YES_ERROR;
				CLANG_WARN_QUOTED_INCLUDE_IN_FRAMEWORK_HEADER = YES;
				CLANG_WARN_RANGE_LOOP_ANALYSIS = YES;
				CLANG_WARN_STRICT_PROTOTYPES = YES;
				CLANG_WARN_SUSPICIOUS_MOVE = YES;
				CLANG_WARN_UNGUARDED_AVAILABILITY = YES_AGGRESSIVE;
				CLANG_WARN_UNREACHABLE_CODE = YES;
				CLANG_WARN__DUPLICATE_METHOD_MATCH = YES;
				COPY_PHASE_STRIP = NO;
				DEBUG_INFORMATION_FORMAT = "dwarf-with-dsym";
				ENABLE_NS_ASSERTIONS = NO;
				ENABLE_STRICT_OBJC_MSGSEND = YES;
				ENABLE_USER_SCRIPT_SANDBOXING = YES;
				GCC_C_LANGUAGE_STANDARD = gnu17;
				GCC_NO_COMMON_BLOCKS = YES;
				GCC_WARN_64_TO_32_BIT_CONVERSION = YES;
				GCC_WARN_ABOUT_RETURN_TYPE = YES_ERROR;
				GCC_WARN_UNDECLARED_SELECTOR = YES;
				GCC_WARN_UNINITIALIZED_AUTOS = YES_AGGRESSIVE;
				GCC_WARN_UNUSED_FUNCTION = YES;
				GCC_WARN_UNUSED_VARIABLE = YES;
				IPHONEOS_DEPLOYMENT_TARGET = 18.1;
				LOCALIZATION_PREFERS_STRING_CATALOGS = YES;
				MTL_ENABLE_DEBUG_INFO = NO;
				MTL_FAST_MATH = YES;
				SDKROOT = iphoneos;
				SWIFT_COMPILATION_MODE = wholemodule;
				VALIDATE_PRODUCT = YES;
			};
			name = Release;
		};
		3A29E4312D45434F002D004F /* Debug */ = {
			isa = XCBuildConfiguration;
			buildSettings = {
				ASSETCATALOG_COMPILER_APPICON_NAME = AppIcon;
				ASSETCATALOG_COMPILER_GLOBAL_ACCENT_COLOR_NAME = AccentColor;
				CODE_SIGN_ENTITLEMENTS = SpeakApper.AI/SpeakApper.AI.entitlements;
				CODE_SIGN_IDENTITY = "Apple Development";
				CODE_SIGN_STYLE = Automatic;
				CURRENT_PROJECT_VERSION = 1;
				DEVELOPMENT_ASSET_PATHS = "\"SpeakApper.AI/Preview Content\"";

				// DEVELOPMENT_TEAM = TPD2BH47N5;

				DEVELOPMENT_TEAM = 46XVA3WLKT;

				ENABLE_PREVIEWS = YES;
				GENERATE_INFOPLIST_FILE = YES;
				INFOPLIST_KEY_NSMicrophoneUsageDescription = "Для записи аудио";
				INFOPLIST_KEY_NSSpeechRecognitionUsageDescription = "Для преобразования аудио в текст";
				INFOPLIST_KEY_UIApplicationSceneManifest_Generation = YES;
				INFOPLIST_KEY_UIApplicationSupportsIndirectInputEvents = YES;
				INFOPLIST_KEY_UILaunchScreen_Generation = YES;
				INFOPLIST_KEY_UISupportedInterfaceOrientations_iPad = "UIInterfaceOrientationPortrait UIInterfaceOrientationPortraitUpsideDown UIInterfaceOrientationLandscapeLeft UIInterfaceOrientationLandscapeRight";
				INFOPLIST_KEY_UISupportedInterfaceOrientations_iPhone = "UIInterfaceOrientationPortrait UIInterfaceOrientationLandscapeLeft UIInterfaceOrientationLandscapeRight";
				LD_RUNPATH_SEARCH_PATHS = (
					"$(inherited)",
					"@executable_path/Frameworks",
				);
				MARKETING_VERSION = 1.0;
				PRODUCT_BUNDLE_IDENTIFIER = app.speakapper.spk;
				PRODUCT_NAME = "$(TARGET_NAME)";
				PROVISIONING_PROFILE_SPECIFIER = "";
				SWIFT_EMIT_LOC_STRINGS = YES;
				SWIFT_VERSION = 5.0;
				TARGETED_DEVICE_FAMILY = "1,2";
			};
			name = Debug;
		};
		3A29E4322D45434F002D004F /* Release */ = {
			isa = XCBuildConfiguration;
			buildSettings = {
				ASSETCATALOG_COMPILER_APPICON_NAME = AppIcon;
				ASSETCATALOG_COMPILER_GLOBAL_ACCENT_COLOR_NAME = AccentColor;
				CODE_SIGN_ENTITLEMENTS = SpeakApper.AI/SpeakApper.AI.entitlements;
				CODE_SIGN_IDENTITY = "Apple Development";
				CODE_SIGN_STYLE = Automatic;
				CURRENT_PROJECT_VERSION = 1;
				DEVELOPMENT_ASSET_PATHS = "\"SpeakApper.AI/Preview Content\"";

				// DEVELOPMENT_TEAM = TPD2BH47N5;

				DEVELOPMENT_TEAM = 46XVA3WLKT;

				ENABLE_PREVIEWS = YES;
				GENERATE_INFOPLIST_FILE = YES;
				INFOPLIST_KEY_NSMicrophoneUsageDescription = "Для записи аудио";
				INFOPLIST_KEY_NSSpeechRecognitionUsageDescription = "Для преобразования аудио в текст";
				INFOPLIST_KEY_UIApplicationSceneManifest_Generation = YES;
				INFOPLIST_KEY_UIApplicationSupportsIndirectInputEvents = YES;
				INFOPLIST_KEY_UILaunchScreen_Generation = YES;
				INFOPLIST_KEY_UISupportedInterfaceOrientations_iPad = "UIInterfaceOrientationPortrait UIInterfaceOrientationPortraitUpsideDown UIInterfaceOrientationLandscapeLeft UIInterfaceOrientationLandscapeRight";
				INFOPLIST_KEY_UISupportedInterfaceOrientations_iPhone = "UIInterfaceOrientationPortrait UIInterfaceOrientationLandscapeLeft UIInterfaceOrientationLandscapeRight";
				LD_RUNPATH_SEARCH_PATHS = (
					"$(inherited)",
					"@executable_path/Frameworks",
				);
				MARKETING_VERSION = 1.0;
				PRODUCT_BUNDLE_IDENTIFIER = app.speakapper.spk;
				PRODUCT_NAME = "$(TARGET_NAME)";
				PROVISIONING_PROFILE_SPECIFIER = "";
				SWIFT_EMIT_LOC_STRINGS = YES;
				SWIFT_VERSION = 5.0;
				TARGETED_DEVICE_FAMILY = "1,2";
			};
			name = Release;
		};
		3A29E4342D45434F002D004F /* Debug */ = {
			isa = XCBuildConfiguration;
			buildSettings = {
				BUNDLE_LOADER = "$(TEST_HOST)";
				CODE_SIGN_STYLE = Automatic;
				CURRENT_PROJECT_VERSION = 1;
				GENERATE_INFOPLIST_FILE = YES;
				IPHONEOS_DEPLOYMENT_TARGET = 18.1;
				MARKETING_VERSION = 1.0;
				PRODUCT_BUNDLE_IDENTIFIER = "marlmyn.SpeakApper-AITests";
				PRODUCT_NAME = "$(TARGET_NAME)";
				SWIFT_EMIT_LOC_STRINGS = NO;
				SWIFT_VERSION = 5.0;
				TARGETED_DEVICE_FAMILY = "1,2";
				TEST_HOST = "$(BUILT_PRODUCTS_DIR)/SpeakApper.AI.app/$(BUNDLE_EXECUTABLE_FOLDER_PATH)/SpeakApper.AI";
			};
			name = Debug;
		};
		3A29E4352D45434F002D004F /* Release */ = {
			isa = XCBuildConfiguration;
			buildSettings = {
				BUNDLE_LOADER = "$(TEST_HOST)";
				CODE_SIGN_STYLE = Automatic;
				CURRENT_PROJECT_VERSION = 1;
				GENERATE_INFOPLIST_FILE = YES;
				IPHONEOS_DEPLOYMENT_TARGET = 18.1;
				MARKETING_VERSION = 1.0;
				PRODUCT_BUNDLE_IDENTIFIER = "marlmyn.SpeakApper-AITests";
				PRODUCT_NAME = "$(TARGET_NAME)";
				SWIFT_EMIT_LOC_STRINGS = NO;
				SWIFT_VERSION = 5.0;
				TARGETED_DEVICE_FAMILY = "1,2";
				TEST_HOST = "$(BUILT_PRODUCTS_DIR)/SpeakApper.AI.app/$(BUNDLE_EXECUTABLE_FOLDER_PATH)/SpeakApper.AI";
			};
			name = Release;
		};
		3A29E4372D45434F002D004F /* Debug */ = {
			isa = XCBuildConfiguration;
			buildSettings = {
				CODE_SIGN_STYLE = Automatic;
				CURRENT_PROJECT_VERSION = 1;
				DEVELOPMENT_TEAM = 2F4X67JR9P;
				GENERATE_INFOPLIST_FILE = YES;
				MARKETING_VERSION = 1.0;
				PRODUCT_BUNDLE_IDENTIFIER = app.speakapper.spk;
				PRODUCT_NAME = "$(TARGET_NAME)";
				SWIFT_EMIT_LOC_STRINGS = NO;
				SWIFT_VERSION = 5.0;
				TARGETED_DEVICE_FAMILY = "1,2";
				TEST_TARGET_NAME = SpeakApper.AI;
			};
			name = Debug;
		};
		3A29E4382D45434F002D004F /* Release */ = {
			isa = XCBuildConfiguration;
			buildSettings = {
				CODE_SIGN_STYLE = Automatic;
				CURRENT_PROJECT_VERSION = 1;
				DEVELOPMENT_TEAM = 2F4X67JR9P;
				GENERATE_INFOPLIST_FILE = YES;
				MARKETING_VERSION = 1.0;
				PRODUCT_BUNDLE_IDENTIFIER = app.speakapper.spk;
				PRODUCT_NAME = "$(TARGET_NAME)";
				SWIFT_EMIT_LOC_STRINGS = NO;
				SWIFT_VERSION = 5.0;
				TARGETED_DEVICE_FAMILY = "1,2";
				TEST_TARGET_NAME = SpeakApper.AI;
			};
			name = Release;
		};
/* End XCBuildConfiguration section */

/* Begin XCConfigurationList section */
		3A29E4072D45434D002D004F /* Build configuration list for PBXProject "SpeakApper.AI" */ = {
			isa = XCConfigurationList;
			buildConfigurations = (
				3A29E42E2D45434F002D004F /* Debug */,
				3A29E42F2D45434F002D004F /* Release */,
			);
			defaultConfigurationIsVisible = 0;
			defaultConfigurationName = Release;
		};
		3A29E4302D45434F002D004F /* Build configuration list for PBXNativeTarget "SpeakApper.AI" */ = {
			isa = XCConfigurationList;
			buildConfigurations = (
				3A29E4312D45434F002D004F /* Debug */,
				3A29E4322D45434F002D004F /* Release */,
			);
			defaultConfigurationIsVisible = 0;
			defaultConfigurationName = Release;
		};
		3A29E4332D45434F002D004F /* Build configuration list for PBXNativeTarget "SpeakApper.AITests" */ = {
			isa = XCConfigurationList;
			buildConfigurations = (
				3A29E4342D45434F002D004F /* Debug */,
				3A29E4352D45434F002D004F /* Release */,
			);
			defaultConfigurationIsVisible = 0;
			defaultConfigurationName = Release;
		};
		3A29E4362D45434F002D004F /* Build configuration list for PBXNativeTarget "SpeakApper.AIUITests" */ = {
			isa = XCConfigurationList;
			buildConfigurations = (
				3A29E4372D45434F002D004F /* Debug */,
				3A29E4382D45434F002D004F /* Release */,
			);
			defaultConfigurationIsVisible = 0;
			defaultConfigurationName = Release;
		};
/* End XCConfigurationList section */

/* Begin XCRemoteSwiftPackageReference section */
		3A0EF92A2D67080E002C136D /* XCRemoteSwiftPackageReference "firebase-ios-sdk" */ = {
			isa = XCRemoteSwiftPackageReference;
			repositoryURL = "https://github.com/firebase/firebase-ios-sdk";
			requirement = {
				kind = upToNextMajorVersion;
				minimumVersion = 11.8.1;
			};
		};
/* End XCRemoteSwiftPackageReference section */

/* Begin XCSwiftPackageProductDependency section */
		3A0EF92B2D67080E002C136D /* FirebaseAuth */ = {
			isa = XCSwiftPackageProductDependency;
			package = 3A0EF92A2D67080E002C136D /* XCRemoteSwiftPackageReference "firebase-ios-sdk" */;
			productName = FirebaseAuth;
		};
		3A0EF92D2D67080E002C136D /* FirebaseFirestore */ = {
			isa = XCSwiftPackageProductDependency;
			package = 3A0EF92A2D67080E002C136D /* XCRemoteSwiftPackageReference "firebase-ios-sdk" */;
			productName = FirebaseFirestore;
		};
/* End XCSwiftPackageProductDependency section */
	};
	rootObject = 3A29E4042D45434D002D004F /* Project object */;
}
